
Microsoft Visual Studio Solution File, Format Version 12.00
# Visual Studio 14
VisualStudioVersion = 14.0.24720.0
MinimumVisualStudioVersion = 10.0.40219.1
Project("{2150E333-8FDC-42A3-9474-1A3956D46DE8}") = "src", "src", "{22F5E94F-501A-4B2D-B69B-56D3F58C6C4C}"
EndProject
Project("{2150E333-8FDC-42A3-9474-1A3956D46DE8}") = "Solution Items", "Solution Items", "{3E31EDE7-E329-48CB-83C9-7AB6841EA02E}"
	ProjectSection(SolutionItems) = preProject
		.gitignore = .gitignore
		global.json = global.json
		README.md = README.md
	EndProjectSection
EndProject
Project("{8BB2217D-0F2D-49D1-97BC-3654ED321F3B}") = "Logging.ExceptionSender", "src\Logging.ExceptionSender\Logging.ExceptionSender.xproj", "{D00984E9-3385-43B5-92E5-7DDCCF0B3E91}"
EndProject
Project("{2150E333-8FDC-42A3-9474-1A3956D46DE8}") = "docs", "docs", "{EF8720DE-B5D7-4F87-86B2-8493ED9BCDAF}"
	ProjectSection(SolutionItems) = preProject
		docs\mailgun.png = docs\mailgun.png
	EndProjectSection
EndProject
Global
	GlobalSection(SolutionConfigurationPlatforms) = preSolution
		Debug|Any CPU = Debug|Any CPU
		Release|Any CPU = Release|Any CPU
	EndGlobalSection
	GlobalSection(ProjectConfigurationPlatforms) = postSolution
		{D00984E9-3385-43B5-92E5-7DDCCF0B3E91}.Debug|Any CPU.ActiveCfg = Debug|Any CPU
		{D00984E9-3385-43B5-92E5-7DDCCF0B3E91}.Debug|Any CPU.Build.0 = Debug|Any CPU
		{D00984E9-3385-43B5-92E5-7DDCCF0B3E91}.Release|Any CPU.ActiveCfg = Release|Any CPU
		{D00984E9-3385-43B5-92E5-7DDCCF0B3E91}.Release|Any CPU.Build.0 = Release|Any CPU
	EndGlobalSection
	GlobalSection(SolutionProperties) = preSolution
		HideSolutionNode = FALSE
	EndGlobalSection
	GlobalSection(NestedProjects) = preSolution
		{D00984E9-3385-43B5-92E5-7DDCCF0B3E91} = {22F5E94F-501A-4B2D-B69B-56D3F58C6C4C}
		{EF8720DE-B5D7-4F87-86B2-8493ED9BCDAF} = {3E31EDE7-E329-48CB-83C9-7AB6841EA02E}
	EndGlobalSection
EndGlobal
