
Microsoft Visual Studio Solution File, Format Version 12.00
# Visual Studio 15
VisualStudioVersion = 15.0.26730.3
MinimumVisualStudioVersion = 10.0.40219.1
Project("{2150E333-8FDC-42A3-9474-1A3956D46DE8}") = "src", "src", "{22F5E94F-501A-4B2D-B69B-56D3F58C6C4C}"
EndProject
Project("{2150E333-8FDC-42A3-9474-1A3956D46DE8}") = "Solution Items", "Solution Items", "{3E31EDE7-E329-48CB-83C9-7AB6841EA02E}"
	ProjectSection(SolutionItems) = preProject
		.gitignore = .gitignore
		README.md = README.md
	EndProjectSection
EndProject
Project("{2150E333-8FDC-42A3-9474-1A3956D46DE8}") = "docs", "docs", "{EF8720DE-B5D7-4F87-86B2-8493ED9BCDAF}"
	ProjectSection(SolutionItems) = preProject
		docs\mailgun.png = docs\mailgun.png
	EndProjectSection
EndProject
Project("{2150E333-8FDC-42A3-9474-1A3956D46DE8}") = "sample", "sample", "{F54385A8-24DF-4758-8642-A3113A14A9A3}"
EndProject
Project("{9A19103F-16F7-4668-BE54-9A1E7A4F7556}") = "Logging.ExceptionSender", "src\Logging.ExceptionSender\Logging.ExceptionSender.csproj", "{D00984E9-3385-43B5-92E5-7DDCCF0B3E91}"
EndProject
Project("{9A19103F-16F7-4668-BE54-9A1E7A4F7556}") = "Logging.ExceptionSender.Sample", "sample\Logging.ExceptionSender.Sample\Logging.ExceptionSender.Sample.csproj", "{1A7FA000-6490-4B88-95E6-6CB6B552B0EF}"
EndProject
Global
	GlobalSection(SolutionConfigurationPlatforms) = preSolution
		Debug|Any CPU = Debug|Any CPU
		Release|Any CPU = Release|Any CPU
	EndGlobalSection
	GlobalSection(ProjectConfigurationPlatforms) = postSolution
		{D00984E9-3385-43B5-92E5-7DDCCF0B3E91}.Debug|Any CPU.ActiveCfg = Debug|Any CPU
		{D00984E9-3385-43B5-92E5-7DDCCF0B3E91}.Debug|Any CPU.Build.0 = Debug|Any CPU
		{D00984E9-3385-43B5-92E5-7DDCCF0B3E91}.Release|Any CPU.ActiveCfg = Release|Any CPU
		{D00984E9-3385-43B5-92E5-7DDCCF0B3E91}.Release|Any CPU.Build.0 = Release|Any CPU
		{1A7FA000-6490-4B88-95E6-6CB6B552B0EF}.Debug|Any CPU.ActiveCfg = Debug|Any CPU
		{1A7FA000-6490-4B88-95E6-6CB6B552B0EF}.Debug|Any CPU.Build.0 = Debug|Any CPU
		{1A7FA000-6490-4B88-95E6-6CB6B552B0EF}.Release|Any CPU.ActiveCfg = Release|Any CPU
		{1A7FA000-6490-4B88-95E6-6CB6B552B0EF}.Release|Any CPU.Build.0 = Release|Any CPU
	EndGlobalSection
	GlobalSection(SolutionProperties) = preSolution
		HideSolutionNode = FALSE
	EndGlobalSection
	GlobalSection(NestedProjects) = preSolution
		{EF8720DE-B5D7-4F87-86B2-8493ED9BCDAF} = {3E31EDE7-E329-48CB-83C9-7AB6841EA02E}
		{D00984E9-3385-43B5-92E5-7DDCCF0B3E91} = {22F5E94F-501A-4B2D-B69B-56D3F58C6C4C}
		{1A7FA000-6490-4B88-95E6-6CB6B552B0EF} = {F54385A8-24DF-4758-8642-A3113A14A9A3}
	EndGlobalSection
	GlobalSection(ExtensibilityGlobals) = postSolution
		SolutionGuid = {5CF97B9B-52DC-400E-9911-2902B57F422E}
	EndGlobalSection
EndGlobal
